// !$*UTF8*$!
{
	archiveVersion = 1;
	classes = {
	};
	objectVersion = 77;
	objects = {

/* Begin PBXBuildFile section */
		078E47630BD5835A80100927 /* FeedParser.swift in Sources */ = {isa = PBXBuildFile; fileRef = 16A596132AD56AC86DEB131A /* FeedParser.swift */; };
		38D06A7FE81552DF3B8A1917 /* ModelTests.swift in Sources */ = {isa = PBXBuildFile; fileRef = 68786C3D7512A3E6F59440F2 /* ModelTests.swift */; };
		5337C1B4BBFF63B508D73E18 /* rss2.xml in Resources */ = {isa = PBXBuildFile; fileRef = F526A143A687A71FC114ABD5 /* rss2.xml */; };
		73713B9248179AAD452BBE0D /* atom.xml in Resources */ = {isa = PBXBuildFile; fileRef = B92B18A57345DBE2CC3230C8 /* atom.xml */; };
		913F8A1CC0AE6C0448E34B99 /* malformed.xml in Resources */ = {isa = PBXBuildFile; fileRef = CAC4B6CCCFFE0F0B86054743 /* malformed.xml */; };
		9181C3F580AC95B95CB59B3F /* Feed.swift in Sources */ = {isa = PBXBuildFile; fileRef = FF889E01F8FE01CF56644146 /* Feed.swift */; };
		B675E27C0C3B70494839764C /* RSSBoxApp.swift in Sources */ = {isa = PBXBuildFile; fileRef = FC83F91F875EFE92840B31A8 /* RSSBoxApp.swift */; };
		EA5F3A5ABE28C2AC681063F5 /* Article.swift in Sources */ = {isa = PBXBuildFile; fileRef = 2AF4221A83D8EBAB417E2C35 /* Article.swift */; };
		F9A7B8186E919C22EB3410CC /* rss2-no-guid.xml in Resources */ = {isa = PBXBuildFile; fileRef = E3CF6B757DF74A6A9DC12435 /* rss2-no-guid.xml */; };
		FA02B12CD7E89C1E92E63BC5 /* FeedParserTests.swift in Sources */ = {isa = PBXBuildFile; fileRef = C22989DCBB680C3574988F71 /* FeedParserTests.swift */; };
/* End PBXBuildFile section */

/* Begin PBXContainerItemProxy section */
		7A6AC27922F7881DF7A9853D /* PBXContainerItemProxy */ = {
			isa = PBXContainerItemProxy;
			containerPortal = 318258FC26C6844FBC092F1E /* Project object */;
			proxyType = 1;
			remoteGlobalIDString = F917B04E58E2DB42753C81EB;
			remoteInfo = RSSBox;
		};
/* End PBXContainerItemProxy section */

/* Begin PBXFileReference section */
		16A596132AD56AC86DEB131A /* FeedParser.swift */ = {isa = PBXFileReference; lastKnownFileType = sourcecode.swift; path = FeedParser.swift; sourceTree = "<group>"; };
		2AF4221A83D8EBAB417E2C35 /* Article.swift */ = {isa = PBXFileReference; lastKnownFileType = sourcecode.swift; path = Article.swift; sourceTree = "<group>"; };
		37F37F10FD43B58773A09466 /* .gitkeep */ = {isa = PBXFileReference; path = .gitkeep; sourceTree = "<group>"; };
		5951B8D6E260FE22A0D66CAF /* RSSBox.entitlements */ = {isa = PBXFileReference; lastKnownFileType = text.plist.entitlements; path = RSSBox.entitlements; sourceTree = "<group>"; };
		64A80F1CB69DC234E475DCA7 /* Info.plist */ = {isa = PBXFileReference; lastKnownFileType = text.plist; path = Info.plist; sourceTree = "<group>"; };
		68786C3D7512A3E6F59440F2 /* ModelTests.swift */ = {isa = PBXFileReference; lastKnownFileType = sourcecode.swift; path = ModelTests.swift; sourceTree = "<group>"; };
		B92B18A57345DBE2CC3230C8 /* atom.xml */ = {isa = PBXFileReference; lastKnownFileType = text.xml; path = atom.xml; sourceTree = "<group>"; };
		BB3FEBF3823D8CC781F57428 /* RSSBox.app */ = {isa = PBXFileReference; explicitFileType = wrapper.application; includeInIndex = 0; path = RSSBox.app; sourceTree = BUILT_PRODUCTS_DIR; };
		BBA657817E912D44085F1805 /* RSSBoxTests.xctest */ = {isa = PBXFileReference; explicitFileType = wrapper.cfbundle; includeInIndex = 0; path = RSSBoxTests.xctest; sourceTree = BUILT_PRODUCTS_DIR; };
		C22989DCBB680C3574988F71 /* FeedParserTests.swift */ = {isa = PBXFileReference; lastKnownFileType = sourcecode.swift; path = FeedParserTests.swift; sourceTree = "<group>"; };
		CAC4B6CCCFFE0F0B86054743 /* malformed.xml */ = {isa = PBXFileReference; lastKnownFileType = text.xml; path = malformed.xml; sourceTree = "<group>"; };
		E3CF6B757DF74A6A9DC12435 /* rss2-no-guid.xml */ = {isa = PBXFileReference; lastKnownFileType = text.xml; path = "rss2-no-guid.xml"; sourceTree = "<group>"; };
		F526A143A687A71FC114ABD5 /* rss2.xml */ = {isa = PBXFileReference; lastKnownFileType = text.xml; path = rss2.xml; sourceTree = "<group>"; };
		FC83F91F875EFE92840B31A8 /* RSSBoxApp.swift */ = {isa = PBXFileReference; lastKnownFileType = sourcecode.swift; path = RSSBoxApp.swift; sourceTree = "<group>"; };
		FF889E01F8FE01CF56644146 /* Feed.swift */ = {isa = PBXFileReference; lastKnownFileType = sourcecode.swift; path = Feed.swift; sourceTree = "<group>"; };
/* End PBXFileReference section */

/* Begin PBXGroup section */
		18393547412A9190EE093C67 /* Core */ = {
			isa = PBXGroup;
			children = (
				16A596132AD56AC86DEB131A /* FeedParser.swift */,
			);
			path = Core;
			sourceTree = "<group>";
		};
		2534354457DBCE7176B9036A /* Models */ = {
			isa = PBXGroup;
			children = (
				2AF4221A83D8EBAB417E2C35 /* Article.swift */,
				FF889E01F8FE01CF56644146 /* Feed.swift */,
			);
			path = Models;
			sourceTree = "<group>";
		};
		2E2579C42C3A3ED891790427 /* RSSBox */ = {
			isa = PBXGroup;
			children = (
				64A80F1CB69DC234E475DCA7 /* Info.plist */,
				5951B8D6E260FE22A0D66CAF /* RSSBox.entitlements */,
				FC83F91F875EFE92840B31A8 /* RSSBoxApp.swift */,
				18393547412A9190EE093C67 /* Core */,
				2534354457DBCE7176B9036A /* Models */,
				8AC77125401756ED1FCF2903 /* Resources */,
				F54F8649FD92A9E272EA24B7 /* Views */,
			);
			path = RSSBox;
			sourceTree = "<group>";
		};
		3011B6E820B38532F4D572BE /* Fixtures */ = {
			isa = PBXGroup;
			children = (
				B92B18A57345DBE2CC3230C8 /* atom.xml */,
				CAC4B6CCCFFE0F0B86054743 /* malformed.xml */,
				E3CF6B757DF74A6A9DC12435 /* rss2-no-guid.xml */,
				F526A143A687A71FC114ABD5 /* rss2.xml */,
			);
			path = Fixtures;
			sourceTree = "<group>";
		};
		510BEF9C6C7BA379EDB68048 /* Products */ = {
			isa = PBXGroup;
			children = (
				BB3FEBF3823D8CC781F57428 /* RSSBox.app */,
				BBA657817E912D44085F1805 /* RSSBoxTests.xctest */,
			);
			name = Products;
			sourceTree = "<group>";
		};
		6EED106CD09C7EF3E9D3C89E = {
			isa = PBXGroup;
			children = (
				2E2579C42C3A3ED891790427 /* RSSBox */,
				A0E6A0808AC9C6EDE6D11AFA /* RSSBoxTests */,
				510BEF9C6C7BA379EDB68048 /* Products */,
			);
			sourceTree = "<group>";
		};
		8AC77125401756ED1FCF2903 /* Resources */ = {
			isa = PBXGroup;
			children = (
				37F37F10FD43B58773A09466 /* .gitkeep */,
			);
			path = Resources;
			sourceTree = "<group>";
		};
		A0E6A0808AC9C6EDE6D11AFA /* RSSBoxTests */ = {
			isa = PBXGroup;
			children = (
				C22989DCBB680C3574988F71 /* FeedParserTests.swift */,
				68786C3D7512A3E6F59440F2 /* ModelTests.swift */,
				3011B6E820B38532F4D572BE /* Fixtures */,
			);
			path = RSSBoxTests;
			sourceTree = "<group>";
		};
		F54F8649FD92A9E272EA24B7 /* Views */ = {
			isa = PBXGroup;
			children = (
			);
			path = Views;
			sourceTree = "<group>";
		};
/* End PBXGroup section */

/* Begin PBXNativeTarget section */
		545FD954F38DE3545E8C5878 /* RSSBoxTests */ = {
			isa = PBXNativeTarget;
			buildConfigurationList = 9CD7FD51F13EF7D0EA7208B7 /* Build configuration list for PBXNativeTarget "RSSBoxTests" */;
			buildPhases = (
				ACC7BAB4B2CE1E1B6EA0FBED /* Sources */,
				BC72F642D39248A8F76295E7 /* Resources */,
			);
			buildRules = (
			);
			dependencies = (
				8EEE31D751F95526106E4DB6 /* PBXTargetDependency */,
			);
			name = RSSBoxTests;
			packageProductDependencies = (
			);
			productName = RSSBoxTests;
			productReference = BBA657817E912D44085F1805 /* RSSBoxTests.xctest */;
			productType = "com.apple.product-type.bundle.unit-test";
		};
		F917B04E58E2DB42753C81EB /* RSSBox */ = {
			isa = PBXNativeTarget;
			buildConfigurationList = 0CD530458B135B987AEF52C2 /* Build configuration list for PBXNativeTarget "RSSBox" */;
			buildPhases = (
				1395EE74CEF4ED5A2F1F4B4C /* Sources */,
			);
			buildRules = (
			);
			dependencies = (
			);
			name = RSSBox;
			packageProductDependencies = (
			);
			productName = RSSBox;
			productReference = BB3FEBF3823D8CC781F57428 /* RSSBox.app */;
			productType = "com.apple.product-type.application";
		};
/* End PBXNativeTarget section */

/* Begin PBXProject section */
		318258FC26C6844FBC092F1E /* Project object */ = {
			isa = PBXProject;
			attributes = {
				BuildIndependentTargetsInParallel = YES;
				LastUpgradeCheck = 1430;
				TargetAttributes = {
				};
			};
			buildConfigurationList = AA9C75F2517D7641526014BA /* Build configuration list for PBXProject "RSSBox" */;
			developmentRegion = en;
			hasScannedForEncodings = 0;
			knownRegions = (
				Base,
				en,
			);
			mainGroup = 6EED106CD09C7EF3E9D3C89E;
			minimizedProjectReferenceProxies = 1;
			preferredProjectObjectVersion = 77;
			productRefGroup = 510BEF9C6C7BA379EDB68048 /* Products */;
			projectDirPath = "";
			projectRoot = "";
			targets = (
				F917B04E58E2DB42753C81EB /* RSSBox */,
				545FD954F38DE3545E8C5878 /* RSSBoxTests */,
			);
		};
/* End PBXProject section */

/* Begin PBXResourcesBuildPhase section */
		BC72F642D39248A8F76295E7 /* Resources */ = {
			isa = PBXResourcesBuildPhase;
			buildActionMask = 2147483647;
			files = (
				73713B9248179AAD452BBE0D /* atom.xml in Resources */,
				913F8A1CC0AE6C0448E34B99 /* malformed.xml in Resources */,
				F9A7B8186E919C22EB3410CC /* rss2-no-guid.xml in Resources */,
				5337C1B4BBFF63B508D73E18 /* rss2.xml in Resources */,
			);
			runOnlyForDeploymentPostprocessing = 0;
		};
/* End PBXResourcesBuildPhase section */

/* Begin PBXSourcesBuildPhase section */
		1395EE74CEF4ED5A2F1F4B4C /* Sources */ = {
			isa = PBXSourcesBuildPhase;
			buildActionMask = 2147483647;
			files = (
				EA5F3A5ABE28C2AC681063F5 /* Article.swift in Sources */,
				9181C3F580AC95B95CB59B3F /* Feed.swift in Sources */,
				078E47630BD5835A80100927 /* FeedParser.swift in Sources */,
				B675E27C0C3B70494839764C /* RSSBoxApp.swift in Sources */,
			);
			runOnlyForDeploymentPostprocessing = 0;
		};
		ACC7BAB4B2CE1E1B6EA0FBED /* Sources */ = {
			isa = PBXSourcesBuildPhase;
			buildActionMask = 2147483647;
			files = (
				FA02B12CD7E89C1E92E63BC5 /* FeedParserTests.swift in Sources */,
				38D06A7FE81552DF3B8A1917 /* ModelTests.swift in Sources */,
			);
			runOnlyForDeploymentPostprocessing = 0;
		};
/* End PBXSourcesBuildPhase section */

/* Begin PBXTargetDependency section */
		8EEE31D751F95526106E4DB6 /* PBXTargetDependency */ = {
			isa = PBXTargetDependency;
			target = F917B04E58E2DB42753C81EB /* RSSBox */;
			targetProxy = 7A6AC27922F7881DF7A9853D /* PBXContainerItemProxy */;
		};
/* End PBXTargetDependency section */

/* Begin XCBuildConfiguration section */
		1821FCF3E4127BB11C9C590F /* Release */ = {
			isa = XCBuildConfiguration;
			buildSettings = {
				BUNDLE_LOADER = "$(TEST_HOST)";
				COMBINE_HIDPI_IMAGES = YES;
				LD_RUNPATH_SEARCH_PATHS = (
					"$(inherited)",
					"@executable_path/../Frameworks",
					"@loader_path/../Frameworks",
				);
				MACOSX_DEPLOYMENT_TARGET = 15.0;
				PRODUCT_BUNDLE_IDENTIFIER = com.rssbox.RSSBoxTests;
				SDKROOT = macosx;
				TEST_HOST = "$(BUILT_PRODUCTS_DIR)/RSSBox.app/Contents/MacOS/RSSBox";
			};
			name = Release;
		};
		5EBA99BD5CA2B0944F91C306 /* Debug */ = {
			isa = XCBuildConfiguration;
			buildSettings = {
				ALWAYS_SEARCH_USER_PATHS = NO;
				CLANG_ANALYZER_NONNULL = YES;
				CLANG_ANALYZER_NUMBER_OBJECT_CONVERSION = YES_AGGRESSIVE;
				CLANG_CXX_LANGUAGE_STANDARD = "gnu++14";
				CLANG_CXX_LIBRARY = "libc++";
				CLANG_ENABLE_MODULES = YES;
				CLANG_ENABLE_OBJC_ARC = YES;
				CLANG_ENABLE_OBJC_WEAK = YES;
				CLANG_WARN_BLOCK_CAPTURE_AUTORELEASING = YES;
				CLANG_WARN_BOOL_CONVERSION = YES;
				CLANG_WARN_COMMA = YES;
				CLANG_WARN_CONSTANT_CONVERSION = YES;
				CLANG_WARN_DEPRECATED_OBJC_IMPLEMENTATIONS = YES;
				CLANG_WARN_DIRECT_OBJC_ISA_USAGE = YES_ERROR;
				CLANG_WARN_DOCUMENTATION_COMMENTS = YES;
				CLANG_WARN_EMPTY_BODY = YES;
				CLANG_WARN_ENUM_CONVERSION = YES;
				CLANG_WARN_INFINITE_RECURSION = YES;
				CLANG_WARN_INT_CONVERSION = YES;
				CLANG_WARN_NON_LITERAL_NULL_CONVERSION = YES;
				CLANG_WARN_OBJC_IMPLICIT_RETAIN_SELF = YES;
				CLANG_WARN_OBJC_LITERAL_CONVERSION = YES;
				CLANG_WARN_OBJC_ROOT_CLASS = YES_ERROR;
				CLANG_WARN_QUOTED_INCLUDE_IN_FRAMEWORK_HEADER = YES;
				CLANG_WARN_RANGE_LOOP_ANALYSIS = YES;
				CLANG_WARN_STRICT_PROTOTYPES = YES;
				CLANG_WARN_SUSPICIOUS_MOVE = YES;
				CLANG_WARN_UNGUARDED_AVAILABILITY = YES_AGGRESSIVE;
				CLANG_WARN_UNREACHABLE_CODE = YES;
				CLANG_WARN__DUPLICATE_METHOD_MATCH = YES;
				COPY_PHASE_STRIP = NO;
				DEBUG_INFORMATION_FORMAT = dwarf;
				ENABLE_STRICT_OBJC_MSGSEND = YES;
				ENABLE_TESTABILITY = YES;
				GCC_C_LANGUAGE_STANDARD = gnu11;
				GCC_DYNAMIC_NO_PIC = NO;
				GCC_NO_COMMON_BLOCKS = YES;
				GCC_OPTIMIZATION_LEVEL = 0;
				GCC_PREPROCESSOR_DEFINITIONS = (
					"$(inherited)",
					"DEBUG=1",
				);
				GCC_WARN_64_TO_32_BIT_CONVERSION = YES;
				GCC_WARN_ABOUT_RETURN_TYPE = YES_ERROR;
				GCC_WARN_UNDECLARED_SELECTOR = YES;
				GCC_WARN_UNINITIALIZED_AUTOS = YES_AGGRESSIVE;
				GCC_WARN_UNUSED_FUNCTION = YES;
				GCC_WARN_UNUSED_VARIABLE = YES;
				MACOSX_DEPLOYMENT_TARGET = 15.0;
				MTL_ENABLE_DEBUG_INFO = INCLUDE_SOURCE;
				MTL_FAST_MATH = YES;
				ONLY_ACTIVE_ARCH = YES;
				PRODUCT_NAME = "$(TARGET_NAME)";
				SDKROOT = macosx;
				SWIFT_ACTIVE_COMPILATION_CONDITIONS = DEBUG;
				SWIFT_OPTIMIZATION_LEVEL = "-Onone";
				SWIFT_VERSION = 5.10;
			};
			name = Debug;
		};
		AAC9E07CA2E7D9DEEADEAD9C /* Release */ = {
			isa = XCBuildConfiguration;
			buildSettings = {
				ALWAYS_SEARCH_USER_PATHS = NO;
				CLANG_ANALYZER_NONNULL = YES;
				CLANG_ANALYZER_NUMBER_OBJECT_CONVERSION = YES_AGGRESSIVE;
				CLANG_CXX_LANGUAGE_STANDARD = "gnu++14";
				CLANG_CXX_LIBRARY = "libc++";
				CLANG_ENABLE_MODULES = YES;
				CLANG_ENABLE_OBJC_ARC = YES;
				CLANG_ENABLE_OBJC_WEAK = YES;
				CLANG_WARN_BLOCK_CAPTURE_AUTORELEASING = YES;
				CLANG_WARN_BOOL_CONVERSION = YES;
				CLANG_WARN_COMMA = YES;
				CLANG_WARN_CONSTANT_CONVERSION = YES;
				CLANG_WARN_DEPRECATED_OBJC_IMPLEMENTATIONS = YES;
				CLANG_WARN_DIRECT_OBJC_ISA_USAGE = YES_ERROR;
				CLANG_WARN_DOCUMENTATION_COMMENTS = YES;
				CLANG_WARN_EMPTY_BODY = YES;
				CLANG_WARN_ENUM_CONVERSION = YES;
				CLANG_WARN_INFINITE_RECURSION = YES;
				CLANG_WARN_INT_CONVERSION = YES;
				CLANG_WARN_NON_LITERAL_NULL_CONVERSION = YES;
				CLANG_WARN_OBJC_IMPLICIT_RETAIN_SELF = YES;
				CLANG_WARN_OBJC_LITERAL_CONVERSION = YES;
				CLANG_WARN_OBJC_ROOT_CLASS = YES_ERROR;
				CLANG_WARN_QUOTED_INCLUDE_IN_FRAMEWORK_HEADER = YES;
				CLANG_WARN_RANGE_LOOP_ANALYSIS = YES;
				CLANG_WARN_STRICT_PROTOTYPES = YES;
				CLANG_WARN_SUSPICIOUS_MOVE = YES;
				CLANG_WARN_UNGUARDED_AVAILABILITY = YES_AGGRESSIVE;
				CLANG_WARN_UNREACHABLE_CODE = YES;
				CLANG_WARN__DUPLICATE_METHOD_MATCH = YES;
				COPY_PHASE_STRIP = NO;
				DEBUG_INFORMATION_FORMAT = "dwarf-with-dsym";
				ENABLE_NS_ASSERTIONS = NO;
				ENABLE_STRICT_OBJC_MSGSEND = YES;
				GCC_C_LANGUAGE_STANDARD = gnu11;
				GCC_NO_COMMON_BLOCKS = YES;
				GCC_WARN_64_TO_32_BIT_CONVERSION = YES;
				GCC_WARN_ABOUT_RETURN_TYPE = YES_ERROR;
				GCC_WARN_UNDECLARED_SELECTOR = YES;
				GCC_WARN_UNINITIALIZED_AUTOS = YES_AGGRESSIVE;
				GCC_WARN_UNUSED_FUNCTION = YES;
				GCC_WARN_UNUSED_VARIABLE = YES;
				MACOSX_DEPLOYMENT_TARGET = 15.0;
				MTL_ENABLE_DEBUG_INFO = NO;
				MTL_FAST_MATH = YES;
				PRODUCT_NAME = "$(TARGET_NAME)";
				SDKROOT = macosx;
				SWIFT_COMPILATION_MODE = wholemodule;
				SWIFT_OPTIMIZATION_LEVEL = "-O";
				SWIFT_VERSION = 5.10;
			};
			name = Release;
		};
		C8304D6626456A6A79FE1406 /* Debug */ = {
			isa = XCBuildConfiguration;
			buildSettings = {
				ASSETCATALOG_COMPILER_APPICON_NAME = AppIcon;
				CODE_SIGNING_REQUIRED = NO;
				CODE_SIGN_ENTITLEMENTS = RSSBox/RSSBox.entitlements;
				CODE_SIGN_IDENTITY = "-";
				COMBINE_HIDPI_IMAGES = YES;
				ENABLE_HARDENED_RUNTIME = YES;
				INFOPLIST_FILE = RSSBox/Info.plist;
				LD_RUNPATH_SEARCH_PATHS = (
					"$(inherited)",
					"@executable_path/../Frameworks",
				);
				MACOSX_DEPLOYMENT_TARGET = 15.0;
				PRODUCT_BUNDLE_IDENTIFIER = com.rssbox.RSSBox;
				SDKROOT = macosx;
			};
			name = Debug;
		};
		CBBC94981280BC83EB50F3B3 /* Debug */ = {
			isa = XCBuildConfiguration;
			buildSettings = {
				BUNDLE_LOADER = "$(TEST_HOST)";
				COMBINE_HIDPI_IMAGES = YES;
				LD_RUNPATH_SEARCH_PATHS = (
					"$(inherited)",
					"@executable_path/../Frameworks",
					"@loader_path/../Frameworks",
				);
				MACOSX_DEPLOYMENT_TARGET = 15.0;
				PRODUCT_BUNDLE_IDENTIFIER = com.rssbox.RSSBoxTests;
				SDKROOT = macosx;
				TEST_HOST = "$(BUILT_PRODUCTS_DIR)/RSSBox.app/Contents/MacOS/RSSBox";
			};
			name = Debug;
		};
		DCD581F3680A37F0EF7B56AF /* Release */ = {
			isa = XCBuildConfiguration;
			buildSettings = {
				ASSETCATALOG_COMPILER_APPICON_NAME = AppIcon;
				CODE_SIGNING_REQUIRED = NO;
				CODE_SIGN_ENTITLEMENTS = RSSBox/RSSBox.entitlements;
				CODE_SIGN_IDENTITY = "-";
				COMBINE_HIDPI_IMAGES = YES;
				ENABLE_HARDENED_RUNTIME = YES;
				INFOPLIST_FILE = RSSBox/Info.plist;
				LD_RUNPATH_SEARCH_PATHS = (
					"$(inherited)",
					"@executable_path/../Frameworks",
				);
				MACOSX_DEPLOYMENT_TARGET = 15.0;
				PRODUCT_BUNDLE_IDENTIFIER = com.rssbox.RSSBox;
				SDKROOT = macosx;
			};
			name = Release;
		};
/* End XCBuildConfiguration section */

/* Begin XCConfigurationList section */
		0CD530458B135B987AEF52C2 /* Build configuration list for PBXNativeTarget "RSSBox" */ = {
			isa = XCConfigurationList;
			buildConfigurations = (
				C8304D6626456A6A79FE1406 /* Debug */,
				DCD581F3680A37F0EF7B56AF /* Release */,
			);
			defaultConfigurationIsVisible = 0;
			defaultConfigurationName = Debug;
		};
		9CD7FD51F13EF7D0EA7208B7 /* Build configuration list for PBXNativeTarget "RSSBoxTests" */ = {
			isa = XCConfigurationList;
			buildConfigurations = (
				CBBC94981280BC83EB50F3B3 /* Debug */,
				1821FCF3E4127BB11C9C590F /* Release */,
			);
			defaultConfigurationIsVisible = 0;
			defaultConfigurationName = Debug;
		};
		AA9C75F2517D7641526014BA /* Build configuration list for PBXProject "RSSBox" */ = {
			isa = XCConfigurationList;
			buildConfigurations = (
				5EBA99BD5CA2B0944F91C306 /* Debug */,
				AAC9E07CA2E7D9DEEADEAD9C /* Release */,
			);
			defaultConfigurationIsVisible = 0;
			defaultConfigurationName = Debug;
		};
/* End XCConfigurationList section */
	};
	rootObject = 318258FC26C6844FBC092F1E /* Project object */;
}
